{
  "originHash" : "77cb3fee4071811f880e69dbcd5a8ba01711a73372960391d6366c4c3a0d36eb",
  "pins" : [
    {
      "identity" : "pipecat-client-ios",
      "kind" : "remoteSourceControl",
      "location" : "https://github.com/pipecat-ai/pipecat-client-ios.git",
      "state" : {
        "revision" : "992641fb5f7d1a794ecfc33babb5fe36e2a8ffdd",
        "version" : "0.3.5"
      }
    },
    {
      "identity" : "pipecat-client-ios-small-webrtc",
      "kind" : "remoteSourceControl",
      "location" : "https://github.com/pipecat-ai/pipecat-client-ios-small-webrtc",
      "state" : {
        "revision" : "a6e4516b1fcbed772ca97a9616dddc9329097958",
        "version" : "0.0.1"
      }
    },
    {
      "identity" : "webrtc",
      "kind" : "remoteSourceControl",
      "location" : "https://github.com/stasel/WebRTC",
      "state" : {
        "revision" : "5b2eb61cace7d62726b29a38b768b07d6bc55c45",
        "version" : "134.0.0"
      }
    }
  ],
  "version" : 3
}
