{
  "name": "transport-latency-bench-web",
  "version": "0.0.0",
  "lockfileVersion": 3,
  "requires": true,
  "packages": {
    "": {
      "name": "transport-latency-bench-web",
      "version": "0.0.0",
      "dependencies": {
        "@pipecat-ai/client-js": "^1.13.0",
        "@pipecat-ai/moq-transport": "^0.1.0",
        "@pipecat-ai/small-webrtc-transport": "^1.10.6"
      },
      "devDependencies": {
        "esbuild": "^0.25.0"
      }
    },
    "node_modules/@babel/runtime": {
      "version": "7.29.7",
      "resolved": "https://registry.npmjs.org/@babel/runtime/-/runtime-7.29.7.tgz",
      "integrity": "sha512-Nq8OhGWiZIZGV6hLHoyAKLLcJihP/xFeBMGJoUrxTX2psI8dCifzLhZISFb+VWS3wFMRDmCGw5R+dOySCqPLhw==",
      "license": "MIT",
      "engines": {
        "node": ">=6.9.0"
      }
    },
    "node_modules/@daily-co/daily-js": {
      "version": "0.90.0",
      "resolved": "https://registry.npmjs.org/@daily-co/daily-js/-/daily-js-0.90.0.tgz",
      "integrity": "sha512-XnuuNIxLt8GOv+rFYoU+OPTSmVj+Mg9hRPK2EM6WYVY62F6rcw7vwzZBOSCisVuu1VnTIF/2J9V0VEBa83lDzw==",
      "license": "BSD-2-Clause",
      "dependencies": {
        "@babel/runtime": "^7.12.5",
        "@sentry/browser": "^8.33.1",
        "bowser": "^2.8.1",
        "dequal": "^2.0.3",
        "events": "^3.1.0"
      },
      "engines": {
        "node": ">=22.14.0"
      }
    },
    "node_modules/@esbuild/aix-ppc64": {
      "version": "0.25.12",
      "resolved": "https://registry.npmjs.org/@esbuild/aix-ppc64/-/aix-ppc64-0.25.12.tgz",
      "integrity": "sha512-Hhmwd6CInZ3dwpuGTF8fJG6yoWmsToE+vYgD4nytZVxcu1ulHpUQRAB1UJ8+N1Am3Mz4+xOByoQoSZf4D+CpkA==",
      "cpu": [
        "ppc64"
      ],
      "dev": true,
      "license": "MIT",
      "optional": true,
      "os": [
        "aix"
      ],
      "engines": {
        "node": ">=18"
      }
    },
    "node_modules/@esbuild/android-arm": {
      "version": "0.25.12",
      "resolved": "https://registry.npmjs.org/@esbuild/android-arm/-/android-arm-0.25.12.tgz",
      "integrity": "sha512-VJ+sKvNA/GE7Ccacc9Cha7bpS8nyzVv0jdVgwNDaR4gDMC/2TTRc33Ip8qrNYUcpkOHUT5OZ0bUcNNVZQ9RLlg==",
      "cpu": [
        "arm"
      ],
      "dev": true,
      "license": "MIT",
      "optional": true,
      "os": [
        "android"
      ],
      "engines": {
        "node": ">=18"
      }
    },
    "node_modules/@esbuild/android-arm64": {
      "version": "0.25.12",
      "resolved": "https://registry.npmjs.org/@esbuild/android-arm64/-/android-arm64-0.25.12.tgz",
      "integrity": "sha512-6AAmLG7zwD1Z159jCKPvAxZd4y/VTO0VkprYy+3N2FtJ8+BQWFXU+OxARIwA46c5tdD9SsKGZ/1ocqBS/gAKHg==",
      "cpu": [
        "arm64"
      ],
      "dev": true,
      "license": "MIT",
      "optional": true,
      "os": [
        "android"
      ],
      "engines": {
        "node": ">=18"
      }
    },
    "node_modules/@esbuild/android-x64": {
      "version": "0.25.12",
      "resolved": "https://registry.npmjs.org/@esbuild/android-x64/-/android-x64-0.25.12.tgz",
      "integrity": "sha512-5jbb+2hhDHx5phYR2By8GTWEzn6I9UqR11Kwf22iKbNpYrsmRB18aX/9ivc5cabcUiAT/wM+YIZ6SG9QO6a8kg==",
      "cpu": [
        "x64"
      ],
      "dev": true,
      "license": "MIT",
      "optional": true,
      "os": [
        "android"
      ],
      "engines": {
        "node": ">=18"
      }
    },
    "node_modules/@esbuild/darwin-arm64": {
      "version": "0.25.12",
      "resolved": "https://registry.npmjs.org/@esbuild/darwin-arm64/-/darwin-arm64-0.25.12.tgz",
      "integrity": "sha512-N3zl+lxHCifgIlcMUP5016ESkeQjLj/959RxxNYIthIg+CQHInujFuXeWbWMgnTo4cp5XVHqFPmpyu9J65C1Yg==",
      "cpu": [
        "arm64"
      ],
      "dev": true,
      "license": "MIT",
      "optional": true,
      "os": [
        "darwin"
      ],
      "engines": {
        "node": ">=18"
      }
    },
    "node_modules/@esbuild/darwin-x64": {
      "version": "0.25.12",
      "resolved": "https://registry.npmjs.org/@esbuild/darwin-x64/-/darwin-x64-0.25.12.tgz",
      "integrity": "sha512-HQ9ka4Kx21qHXwtlTUVbKJOAnmG1ipXhdWTmNXiPzPfWKpXqASVcWdnf2bnL73wgjNrFXAa3yYvBSd9pzfEIpA==",
      "cpu": [
        "x64"
      ],
      "dev": true,
      "license": "MIT",
      "optional": true,
      "os": [
        "darwin"
      ],
      "engines": {
        "node": ">=18"
      }
    },
    "node_modules/@esbuild/freebsd-arm64": {
      "version": "0.25.12",
      "resolved": "https://registry.npmjs.org/@esbuild/freebsd-arm64/-/freebsd-arm64-0.25.12.tgz",
      "integrity": "sha512-gA0Bx759+7Jve03K1S0vkOu5Lg/85dou3EseOGUes8flVOGxbhDDh/iZaoek11Y8mtyKPGF3vP8XhnkDEAmzeg==",
      "cpu": [
        "arm64"
      ],
      "dev": true,
      "license": "MIT",
      "optional": true,
      "os": [
        "freebsd"
      ],
      "engines": {
        "node": ">=18"
      }
    },
    "node_modules/@esbuild/freebsd-x64": {
      "version": "0.25.12",
      "resolved": "https://registry.npmjs.org/@esbuild/freebsd-x64/-/freebsd-x64-0.25.12.tgz",
      "integrity": "sha512-TGbO26Yw2xsHzxtbVFGEXBFH0FRAP7gtcPE7P5yP7wGy7cXK2oO7RyOhL5NLiqTlBh47XhmIUXuGciXEqYFfBQ==",
      "cpu": [
        "x64"
      ],
      "dev": true,
      "license": "MIT",
      "optional": true,
      "os": [
        "freebsd"
      ],
      "engines": {
        "node": ">=18"
      }
    },
    "node_modules/@esbuild/linux-arm": {
      "version": "0.25.12",
      "resolved": "https://registry.npmjs.org/@esbuild/linux-arm/-/linux-arm-0.25.12.tgz",
      "integrity": "sha512-lPDGyC1JPDou8kGcywY0YILzWlhhnRjdof3UlcoqYmS9El818LLfJJc3PXXgZHrHCAKs/Z2SeZtDJr5MrkxtOw==",
      "cpu": [
        "arm"
      ],
      "dev": true,
      "license": "MIT",
      "optional": true,
      "os": [
        "linux"
      ],
      "engines": {
        "node": ">=18"
      }
    },
    "node_modules/@esbuild/linux-arm64": {
      "version": "0.25.12",
      "resolved": "https://registry.npmjs.org/@esbuild/linux-arm64/-/linux-arm64-0.25.12.tgz",
      "integrity": "sha512-8bwX7a8FghIgrupcxb4aUmYDLp8pX06rGh5HqDT7bB+8Rdells6mHvrFHHW2JAOPZUbnjUpKTLg6ECyzvas2AQ==",
      "cpu": [
        "arm64"
      ],
      "dev": true,
      "license": "MIT",
      "optional": true,
      "os": [
        "linux"
      ],
      "engines": {
        "node": ">=18"
      }
    },
    "node_modules/@esbuild/linux-ia32": {
      "version": "0.25.12",
      "resolved": "https://registry.npmjs.org/@esbuild/linux-ia32/-/linux-ia32-0.25.12.tgz",
      "integrity": "sha512-0y9KrdVnbMM2/vG8KfU0byhUN+EFCny9+8g202gYqSSVMonbsCfLjUO+rCci7pM0WBEtz+oK/PIwHkzxkyharA==",
      "cpu": [
        "ia32"
      ],
      "dev": true,
      "license": "MIT",
      "optional": true,
      "os": [
        "linux"
      ],
      "engines": {
        "node": ">=18"
      }
    },
    "node_modules/@esbuild/linux-loong64": {
      "version": "0.25.12",
      "resolved": "https://registry.npmjs.org/@esbuild/linux-loong64/-/linux-loong64-0.25.12.tgz",
      "integrity": "sha512-h///Lr5a9rib/v1GGqXVGzjL4TMvVTv+s1DPoxQdz7l/AYv6LDSxdIwzxkrPW438oUXiDtwM10o9PmwS/6Z0Ng==",
      "cpu": [
        "loong64"
      ],
      "dev": true,
      "license": "MIT",
      "optional": true,
      "os": [
        "linux"
      ],
      "engines": {
        "node": ">=18"
      }
    },
    "node_modules/@esbuild/linux-mips64el": {
      "version": "0.25.12",
      "resolved": "https://registry.npmjs.org/@esbuild/linux-mips64el/-/linux-mips64el-0.25.12.tgz",
      "integrity": "sha512-iyRrM1Pzy9GFMDLsXn1iHUm18nhKnNMWscjmp4+hpafcZjrr2WbT//d20xaGljXDBYHqRcl8HnxbX6uaA/eGVw==",
      "cpu": [
        "mips64el"
      ],
      "dev": true,
      "license": "MIT",
      "optional": true,
      "os": [
        "linux"
      ],
      "engines": {
        "node": ">=18"
      }
    },
    "node_modules/@esbuild/linux-ppc64": {
      "version": "0.25.12",
      "resolved": "https://registry.npmjs.org/@esbuild/linux-ppc64/-/linux-ppc64-0.25.12.tgz",
      "integrity": "sha512-9meM/lRXxMi5PSUqEXRCtVjEZBGwB7P/D4yT8UG/mwIdze2aV4Vo6U5gD3+RsoHXKkHCfSxZKzmDssVlRj1QQA==",
      "cpu": [
        "ppc64"
      ],
      "dev": true,
      "license": "MIT",
      "optional": true,
      "os": [
        "linux"
      ],
      "engines": {
        "node": ">=18"
      }
    },
    "node_modules/@esbuild/linux-riscv64": {
      "version": "0.25.12",
      "resolved": "https://registry.npmjs.org/@esbuild/linux-riscv64/-/linux-riscv64-0.25.12.tgz",
      "integrity": "sha512-Zr7KR4hgKUpWAwb1f3o5ygT04MzqVrGEGXGLnj15YQDJErYu/BGg+wmFlIDOdJp0PmB0lLvxFIOXZgFRrdjR0w==",
      "cpu": [
        "riscv64"
      ],
      "dev": true,
      "license": "MIT",
      "optional": true,
      "os": [
        "linux"
      ],
      "engines": {
        "node": ">=18"
      }
    },
    "node_modules/@esbuild/linux-s390x": {
      "version": "0.25.12",
      "resolved": "https://registry.npmjs.org/@esbuild/linux-s390x/-/linux-s390x-0.25.12.tgz",
      "integrity": "sha512-MsKncOcgTNvdtiISc/jZs/Zf8d0cl/t3gYWX8J9ubBnVOwlk65UIEEvgBORTiljloIWnBzLs4qhzPkJcitIzIg==",
      "cpu": [
        "s390x"
      ],
      "dev": true,
      "license": "MIT",
      "optional": true,
      "os": [
        "linux"
      ],
      "engines": {
        "node": ">=18"
      }
    },
    "node_modules/@esbuild/linux-x64": {
      "version": "0.25.12",
      "resolved": "https://registry.npmjs.org/@esbuild/linux-x64/-/linux-x64-0.25.12.tgz",
      "integrity": "sha512-uqZMTLr/zR/ed4jIGnwSLkaHmPjOjJvnm6TVVitAa08SLS9Z0VM8wIRx7gWbJB5/J54YuIMInDquWyYvQLZkgw==",
      "cpu": [
        "x64"
      ],
      "dev": true,
      "license": "MIT",
      "optional": true,
      "os": [
        "linux"
      ],
      "engines": {
        "node": ">=18"
      }
    },
    "node_modules/@esbuild/netbsd-arm64": {
      "version": "0.25.12",
      "resolved": "https://registry.npmjs.org/@esbuild/netbsd-arm64/-/netbsd-arm64-0.25.12.tgz",
      "integrity": "sha512-xXwcTq4GhRM7J9A8Gv5boanHhRa/Q9KLVmcyXHCTaM4wKfIpWkdXiMog/KsnxzJ0A1+nD+zoecuzqPmCRyBGjg==",
      "cpu": [
        "arm64"
      ],
      "dev": true,
      "license": "MIT",
      "optional": true,
      "os": [
        "netbsd"
      ],
      "engines": {
        "node": ">=18"
      }
    },
    "node_modules/@esbuild/netbsd-x64": {
      "version": "0.25.12",
      "resolved": "https://registry.npmjs.org/@esbuild/netbsd-x64/-/netbsd-x64-0.25.12.tgz",
      "integrity": "sha512-Ld5pTlzPy3YwGec4OuHh1aCVCRvOXdH8DgRjfDy/oumVovmuSzWfnSJg+VtakB9Cm0gxNO9BzWkj6mtO1FMXkQ==",
      "cpu": [
        "x64"
      ],
      "dev": true,
      "license": "MIT",
      "optional": true,
      "os": [
        "netbsd"
      ],
      "engines": {
        "node": ">=18"
      }
    },
    "node_modules/@esbuild/openbsd-arm64": {
      "version": "0.25.12",
      "resolved": "https://registry.npmjs.org/@esbuild/openbsd-arm64/-/openbsd-arm64-0.25.12.tgz",
      "integrity": "sha512-fF96T6KsBo/pkQI950FARU9apGNTSlZGsv1jZBAlcLL1MLjLNIWPBkj5NlSz8aAzYKg+eNqknrUJ24QBybeR5A==",
      "cpu": [
        "arm64"
      ],
      "dev": true,
      "license": "MIT",
      "optional": true,
      "os": [
        "openbsd"
      ],
      "engines": {
        "node": ">=18"
      }
    },
    "node_modules/@esbuild/openbsd-x64": {
      "version": "0.25.12",
      "resolved": "https://registry.npmjs.org/@esbuild/openbsd-x64/-/openbsd-x64-0.25.12.tgz",
      "integrity": "sha512-MZyXUkZHjQxUvzK7rN8DJ3SRmrVrke8ZyRusHlP+kuwqTcfWLyqMOE3sScPPyeIXN/mDJIfGXvcMqCgYKekoQw==",
      "cpu": [
        "x64"
      ],
      "dev": true,
      "license": "MIT",
      "optional": true,
      "os": [
        "openbsd"
      ],
      "engines": {
        "node": ">=18"
      }
    },
    "node_modules/@esbuild/openharmony-arm64": {
      "version": "0.25.12",
      "resolved": "https://registry.npmjs.org/@esbuild/openharmony-arm64/-/openharmony-arm64-0.25.12.tgz",
      "integrity": "sha512-rm0YWsqUSRrjncSXGA7Zv78Nbnw4XL6/dzr20cyrQf7ZmRcsovpcRBdhD43Nuk3y7XIoW2OxMVvwuRvk9XdASg==",
      "cpu": [
        "arm64"
      ],
      "dev": true,
      "license": "MIT",
      "optional": true,
      "os": [
        "openharmony"
      ],
      "engines": {
        "node": ">=18"
      }
    },
    "node_modules/@esbuild/sunos-x64": {
      "version": "0.25.12",
      "resolved": "https://registry.npmjs.org/@esbuild/sunos-x64/-/sunos-x64-0.25.12.tgz",
      "integrity": "sha512-3wGSCDyuTHQUzt0nV7bocDy72r2lI33QL3gkDNGkod22EsYl04sMf0qLb8luNKTOmgF/eDEDP5BFNwoBKH441w==",
      "cpu": [
        "x64"
      ],
      "dev": true,
      "license": "MIT",
      "optional": true,
      "os": [
        "sunos"
      ],
      "engines": {
        "node": ">=18"
      }
    },
    "node_modules/@esbuild/win32-arm64": {
      "version": "0.25.12",
      "resolved": "https://registry.npmjs.org/@esbuild/win32-arm64/-/win32-arm64-0.25.12.tgz",
      "integrity": "sha512-rMmLrur64A7+DKlnSuwqUdRKyd3UE7oPJZmnljqEptesKM8wx9J8gx5u0+9Pq0fQQW8vqeKebwNXdfOyP+8Bsg==",
      "cpu": [
        "arm64"
      ],
      "dev": true,
      "license": "MIT",
      "optional": true,
      "os": [
        "win32"
      ],
      "engines": {
        "node": ">=18"
      }
    },
    "node_modules/@esbuild/win32-ia32": {
      "version": "0.25.12",
      "resolved": "https://registry.npmjs.org/@esbuild/win32-ia32/-/win32-ia32-0.25.12.tgz",
      "integrity": "sha512-HkqnmmBoCbCwxUKKNPBixiWDGCpQGVsrQfJoVGYLPT41XWF8lHuE5N6WhVia2n4o5QK5M4tYr21827fNhi4byQ==",
      "cpu": [
        "ia32"
      ],
      "dev": true,
      "license": "MIT",
      "optional": true,
      "os": [
        "win32"
      ],
      "engines": {
        "node": ">=18"
      }
    },
    "node_modules/@esbuild/win32-x64": {
      "version": "0.25.12",
      "resolved": "https://registry.npmjs.org/@esbuild/win32-x64/-/win32-x64-0.25.12.tgz",
      "integrity": "sha512-alJC0uCZpTFrSL0CCDjcgleBXPnCrEAhTBILpeAp7M/OFgoqtAetfBzX0xM00MUsVVPpVjlPuMbREqnZCXaTnA==",
      "cpu": [
        "x64"
      ],
      "dev": true,
      "license": "MIT",
      "optional": true,
      "os": [
        "win32"
      ],
      "engines": {
        "node": ">=18"
      }
    },
    "node_modules/@kixelated/libavjs-webcodecs-polyfill": {
      "version": "0.5.5",
      "resolved": "https://registry.npmjs.org/@kixelated/libavjs-webcodecs-polyfill/-/libavjs-webcodecs-polyfill-0.5.5.tgz",
      "integrity": "sha512-Q1zgnTMMQ2F7IE9ylx3C1XzVbg5vYN18jiDINO5U3kNPBOHdYuUlJsMhtBoqr1M6ocLtoiqdHmLs7tHFgrw5KA==",
      "license": "0BSD",
      "dependencies": {
        "@libav.js/types": "^6.7.7",
        "@ungap/global-this": "^0.4.4"
      }
    },
    "node_modules/@libav.js/types": {
      "version": "6.9.8",
      "resolved": "https://registry.npmjs.org/@libav.js/types/-/types-6.9.8.tgz",
      "integrity": "sha512-5EEW2IT2VYBYzq14+jsKh8LIwImD0ldsh7m0x/66WNvUG2QljUXsvYV5B00Scx5boVph3WYbtsiLmT0HfUIDRQ==",
      "license": "LGPL-2.1"
    },
    "node_modules/@libav.js/variant-opus-af": {
      "version": "6.9.8",
      "resolved": "https://registry.npmjs.org/@libav.js/variant-opus-af/-/variant-opus-af-6.9.8.tgz",
      "integrity": "sha512-4v4kBOoNnmafubEiBof+ATtr7KcU2/kL+G2hXU61orvC4Lt5OViBXnHdUHCh5ZSQQSmx9nOFEgbYGGYTrBufXQ==",
      "license": "LGPL-2.1"
    },
    "node_modules/@moq/flate": {
      "version": "0.1.1",
      "resolved": "https://registry.npmjs.org/@moq/flate/-/flate-0.1.1.tgz",
      "integrity": "sha512-fHuA97OMdvwco/muP01hsg/AxEHzG9Xzr0tuLXI9TXBj7XuZ0uXiIQ4qv26kL6s+emkui/nlieGbr/NvWbPTKQ==",
      "license": "(MIT OR Apache-2.0)",
      "dependencies": {
        "pako": "^3.0.0"
      }
    },
    "node_modules/@moq/hang": {
      "version": "0.2.16",
      "resolved": "https://registry.npmjs.org/@moq/hang/-/hang-0.2.16.tgz",
      "integrity": "sha512-Zggd8Y4C6EVrVBc1+ZqXP04Hg9ymWYyD4YBimMSvufOr4PNHkz7QqRZMe1wrkw++pVq61iYuFalqyQdbXNaGpA==",
      "license": "(MIT OR Apache-2.0)",
      "dependencies": {
        "@kixelated/libavjs-webcodecs-polyfill": "^0.5.5",
        "@libav.js/variant-opus-af": "^6.9.8",
        "@moq/json": "^0.2.1",
        "@moq/loc": "^0.1.2",
        "@moq/net": "^0.1.9",
        "@moq/signals": "^0.1.10",
        "@svta/cml-iso-bmff": "^1.0.2",
        "zod": "^4.4.3"
      }
    },
    "node_modules/@moq/hang/node_modules/@moq/json": {
      "version": "0.2.2",
      "resolved": "https://registry.npmjs.org/@moq/json/-/json-0.2.2.tgz",
      "integrity": "sha512-7eKNczxuxMsfMrCYYneR+Y4C3MnzFS6hb+D94vwaIZbP0cxXHaGxzyGmUE0e3C7fLTC9W1jNR0pZbeC+IeFt2A==",
      "license": "(MIT OR Apache-2.0)",
      "dependencies": {
        "@moq/flate": "^0.1.1",
        "@moq/net": "^0.1.9",
        "@moq/signals": "^0.1.10"
      },
      "peerDependencies": {
        "zod": "^4.0.0"
      }
    },
    "node_modules/@moq/json": {
      "version": "0.1.2",
      "resolved": "https://registry.npmjs.org/@moq/json/-/json-0.1.2.tgz",
      "integrity": "sha512-sQz86Iz29lzJIyzY6OtBqJHXxqtcDj2DypPNSEbHSwUQCcOxEzkMS2vhNZEK+oTRN6DpblTmelBeZJPg4RjkjA==",
      "license": "(MIT OR Apache-2.0)",
      "dependencies": {
        "@moq/flate": "^0.1.1",
        "@moq/net": "^0.1.7",
        "@moq/signals": "^0.1.10"
      },
      "peerDependencies": {
        "zod": "^4.0.0"
      }
    },
    "node_modules/@moq/loc": {
      "version": "0.1.2",
      "resolved": "https://registry.npmjs.org/@moq/loc/-/loc-0.1.2.tgz",
      "integrity": "sha512-7hqereQwKCf6JMtKPKskgcSJC3naLQbB5/FsArKRUTMlQIF/QRu3gcaYflW8qSXaHrKm3hmpl7ra/oPLm4F7GA==",
      "license": "(MIT OR Apache-2.0)",
      "dependencies": {
        "@moq/net": "^0.1.7"
      }
    },
    "node_modules/@moq/msf": {
      "version": "0.1.4",
      "resolved": "https://registry.npmjs.org/@moq/msf/-/msf-0.1.4.tgz",
      "integrity": "sha512-cdAcWz3lFCnAu44nf4zsugAp0X84N8w/o/b5rynPMB/1uelXCdQpcbnYUK4kZhq0co8lDM28oAUOGwyL9BjIXg==",
      "license": "(MIT OR Apache-2.0)",
      "dependencies": {
        "@moq/net": "^0.1.7",
        "zod": "^4.4.3"
      }
    },
    "node_modules/@moq/net": {
      "version": "0.1.9",
      "resolved": "https://registry.npmjs.org/@moq/net/-/net-0.1.9.tgz",
      "integrity": "sha512-S6qE57ZbUAd1+pem/BUMja2T/sKhXT5mjAqo063llbtIy5DOybe3XSjEhKGaLT+/GZVbISFAeTdnuohoeI7XYw==",
      "license": "(MIT OR Apache-2.0)",
      "dependencies": {
        "@moq/qmux": "^0.1.3",
        "@moq/signals": "^0.1.10",
        "async-mutex": "^0.5.0"
      },
      "peerDependencies": {
        "zod": "^4.0.0"
      }
    },
    "node_modules/@moq/publish": {
      "version": "0.2.17",
      "resolved": "https://registry.npmjs.org/@moq/publish/-/publish-0.2.17.tgz",
      "integrity": "sha512-6qDoh9FxEN3ee/raNnmQ4mTpnbhqcrzAQzft97tPVxZRgzie8vtTlRZYuDobRIYbz6iQ4tlpWuy1Fuc1xuDS6w==",
      "license": "(MIT OR Apache-2.0)",
      "dependencies": {
        "@moq/hang": "^0.2.13",
        "@moq/json": "^0.1.2",
        "@moq/net": "^0.1.7",
        "@moq/signals": "^0.1.10"
      }
    },
    "node_modules/@moq/qmux": {
      "version": "0.1.3",
      "resolved": "https://registry.npmjs.org/@moq/qmux/-/qmux-0.1.3.tgz",
      "integrity": "sha512-naGmMMOxCSMeLyEATrLiY9RGyeZENC4dHFVVNWNcA17LXE9NwM3aQrQY218xXypWahYIgIkl/ZCutIP2xHibgA==",
      "license": "(MIT OR Apache-2.0)",
      "dependencies": {
        "@moq/web-socket-stream": "^0.1.0"
      }
    },
    "node_modules/@moq/signals": {
      "version": "0.1.10",
      "resolved": "https://registry.npmjs.org/@moq/signals/-/signals-0.1.10.tgz",
      "integrity": "sha512-TSnQwcaywn/gIwC3UpwZbqYnXm2Zo8KZO6Y043jPiPnbnSlFWJVZ9TVdGAvQqrXGiaNihdcioF/0IEDABsfovw==",
      "license": "(MIT OR Apache-2.0)",
      "peerDependencies": {
        "@types/react": "^19.2.17",
        "react": "^19.0.0",
        "solid-js": "^1.9.13"
      },
      "peerDependenciesMeta": {
        "@types/react": {
          "optional": true
        },
        "react": {
          "optional": true
        },
        "solid-js": {
          "optional": true
        }
      }
    },
    "node_modules/@moq/watch": {
      "version": "0.2.19",
      "resolved": "https://registry.npmjs.org/@moq/watch/-/watch-0.2.19.tgz",
      "integrity": "sha512-vSNcRUyOzUArabfMljf+DTP5gnM/Z0lSuZM/hoszLWK88PdU+ddckHF90q1IGg3pJl7Ti26voQ6ayFhM8bKFWA==",
      "license": "(MIT OR Apache-2.0)",
      "dependencies": {
        "@moq/hang": "^0.2.13",
        "@moq/json": "^0.1.2",
        "@moq/msf": "^0.1.4",
        "@moq/net": "^0.1.7",
        "@moq/signals": "^0.1.10"
      }
    },
    "node_modules/@moq/web-socket-stream": {
      "version": "0.1.1",
      "resolved": "https://registry.npmjs.org/@moq/web-socket-stream/-/web-socket-stream-0.1.1.tgz",
      "integrity": "sha512-VKi/GE/CLqmbEZlgNbBLbAFk2pQTxT+KUD2DjCSoxqZxbS3KBe5BBZ0m3fila4fEGyll2JT5MmgEyVr4zkZEVA==",
      "license": "(MIT OR Apache-2.0)"
    },
    "node_modules/@pipecat-ai/client-js": {
      "version": "1.13.0",
      "resolved": "https://registry.npmjs.org/@pipecat-ai/client-js/-/client-js-1.13.0.tgz",
      "integrity": "sha512-Gep0ji+3Qxo8rm10nnfsS7xhpCUgr40ZNwx8fLroKhW/Cz4eAHjbdxmfnUPNklGBUqcEwEgyZchrfDN2kMCisw==",
      "license": "BSD-2-Clause",
      "dependencies": {
        "@types/events": "^3.0.3",
        "bowser": "^2.11.0",
        "clone-deep": "^4.0.1",
        "events": "^3.3.0",
        "typed-emitter": "^2.1.0",
        "uuid": "^11.1.1"
      }
    },
    "node_modules/@pipecat-ai/moq-transport": {
      "version": "0.1.0",
      "resolved": "https://registry.npmjs.org/@pipecat-ai/moq-transport/-/moq-transport-0.1.0.tgz",
      "integrity": "sha512-bDuOyOx+wx/If3410VihaO+SEZ062hYBy7IjEj7APhRAmgj5qA6N5jCgF/AxyKs+70cEnhSP77pwsTMp2s/uMQ==",
      "license": "BSD-2-Clause",
      "dependencies": {
        "@moq/hang": "^0.2.12",
        "@moq/json": "^0.1.2",
        "@moq/net": "^0.1.6",
        "@moq/publish": "^0.2.16",
        "@moq/signals": "^0.1.10",
        "@moq/watch": "^0.2.18"
      },
      "peerDependencies": {
        "@pipecat-ai/client-js": "~1.13.0"
      }
    },
    "node_modules/@pipecat-ai/small-webrtc-transport": {
      "version": "1.10.6",
      "resolved": "https://registry.npmjs.org/@pipecat-ai/small-webrtc-transport/-/small-webrtc-transport-1.10.6.tgz",
      "integrity": "sha512-G+EnYNij9tByLIyr2a9YH5RjNxL+cGJbV15swZrFSHYmBYTLRvlgZPWT+G6v6Ull8jSuG7tzbUmy0VH+42ehfA==",
      "license": "BSD-2-Clause",
      "dependencies": {
        "@daily-co/daily-js": "^0.90.0",
        "dequal": "^2.0.3",
        "lodash": "^4.17.21"
      },
      "peerDependencies": {
        "@pipecat-ai/client-js": "~1.13.0"
      }
    },
    "node_modules/@sentry-internal/browser-utils": {
      "version": "8.55.2",
      "resolved": "https://registry.npmjs.org/@sentry-internal/browser-utils/-/browser-utils-8.55.2.tgz",
      "integrity": "sha512-GnKod+gL/Y+1FUM/RGV8q6le1CoyiGbT40MitEK7eVwWe+bfTRq1gN7ioupyHFMUg1RlQkDQ4/sENmio/uow5A==",
      "license": "MIT",
      "dependencies": {
        "@sentry/core": "8.55.2"
      },
      "engines": {
        "node": ">=14.18"
      }
    },
    "node_modules/@sentry-internal/feedback": {
      "version": "8.55.2",
      "resolved": "https://registry.npmjs.org/@sentry-internal/feedback/-/feedback-8.55.2.tgz",
      "integrity": "sha512-XQy//NWbL0mLLM5w8wNDWMNpXz39VUyW2397dUrH8++kR63WhUVAvTOtL0o0GMVadSAzl1b08oHP9zSUNFQwcg==",
      "license": "MIT",
      "dependencies": {
        "@sentry/core": "8.55.2"
      },
      "engines": {
        "node": ">=14.18"
      }
    },
    "node_modules/@sentry-internal/replay": {
      "version": "8.55.2",
      "resolved": "https://registry.npmjs.org/@sentry-internal/replay/-/replay-8.55.2.tgz",
      "integrity": "sha512-+W43Z697EVe/OgpGW07B773sa8xO1UbpnW0Cr+E+3FMDb6ZbXlaBUoagPTUkkQPdwBe35SDh6r8y2M3EOPGbxg==",
      "license": "MIT",
      "dependencies": {
        "@sentry-internal/browser-utils": "8.55.2",
        "@sentry/core": "8.55.2"
      },
      "engines": {
        "node": ">=14.18"
      }
    },
    "node_modules/@sentry-internal/replay-canvas": {
      "version": "8.55.2",
      "resolved": "https://registry.npmjs.org/@sentry-internal/replay-canvas/-/replay-canvas-8.55.2.tgz",
      "integrity": "sha512-P/jGiuR7dRLG9IzD/463fLgiibyYceauav/9prRG0ZxJm1AtuO02OKball2Fs3bbzdzwHCTlcsUuL2ivDF4b5A==",
      "license": "MIT",
      "dependencies": {
        "@sentry-internal/replay": "8.55.2",
        "@sentry/core": "8.55.2"
      },
      "engines": {
        "node": ">=14.18"
      }
    },
    "node_modules/@sentry/browser": {
      "version": "8.55.2",
      "resolved": "https://registry.npmjs.org/@sentry/browser/-/browser-8.55.2.tgz",
      "integrity": "sha512-xHuPIEKhx9zw5quWvv4YgZprnwoVMCfxIhmOIf6KJ9iizyUHeUDcKpLS59xERroqwX4RpvK+l/27AZu4zfZlzQ==",
      "license": "MIT",
      "dependencies": {
        "@sentry-internal/browser-utils": "8.55.2",
        "@sentry-internal/feedback": "8.55.2",
        "@sentry-internal/replay": "8.55.2",
        "@sentry-internal/replay-canvas": "8.55.2",
        "@sentry/core": "8.55.2"
      },
      "engines": {
        "node": ">=14.18"
      }
    },
    "node_modules/@sentry/core": {
      "version": "8.55.2",
      "resolved": "https://registry.npmjs.org/@sentry/core/-/core-8.55.2.tgz",
      "integrity": "sha512-YlEBwybUcOQ/KjMHDmof1vwweVnBtBxYlQp7DE3fOdtW4pqqdHWTnTntQs4VgYfxzjJYgtkd9LHlGtg8qy+JVQ==",
      "license": "MIT",
      "engines": {
        "node": ">=14.18"
      }
    },
    "node_modules/@svta/cml-iso-bmff": {
      "version": "1.0.4",
      "resolved": "https://registry.npmjs.org/@svta/cml-iso-bmff/-/cml-iso-bmff-1.0.4.tgz",
      "integrity": "sha512-ZrDOQ5Wlh6vy9RF7dzlJVP3U43DDKCitovb8Ytf6KM40UcHW2bRMgcmx1TUT4nJ7OcigEsWqrgI78hOSuzI7Hw==",
      "license": "Apache-2.0",
      "engines": {
        "node": ">=20"
      },
      "peerDependencies": {
        "@svta/cml-utils": "1.6.0"
      }
    },
    "node_modules/@svta/cml-utils": {
      "version": "1.6.0",
      "resolved": "https://registry.npmjs.org/@svta/cml-utils/-/cml-utils-1.6.0.tgz",
      "integrity": "sha512-h8jd5Y0nrr8wHWkI7XB03Denxy6QR7dgROxchZ2S0VQ4PFINrIu6J0k9N1IGHmtJnJjG3ttszsJd4LS5V/DqcA==",
      "license": "Apache-2.0",
      "peer": true,
      "engines": {
        "node": ">=20"
      }
    },
    "node_modules/@types/events": {
      "version": "3.0.3",
      "resolved": "https://registry.npmjs.org/@types/events/-/events-3.0.3.tgz",
      "integrity": "sha512-trOc4AAUThEz9hapPtSd7wf5tiQKvTtu5b371UxXdTuqzIh0ArcRspRP0i0Viu+LXstIQ1z96t1nsPxT9ol01g==",
      "license": "MIT"
    },
    "node_modules/@ungap/global-this": {
      "version": "0.4.4",
      "resolved": "https://registry.npmjs.org/@ungap/global-this/-/global-this-0.4.4.tgz",
      "integrity": "sha512-mHkm6FvepJECMNthFuIgpAEFmPOk71UyXuIxYfjytvFTnSDBIz7jmViO+LfHI/AjrazWije0PnSP3+/NlwzqtA==",
      "license": "ISC"
    },
    "node_modules/async-mutex": {
      "version": "0.5.0",
      "resolved": "https://registry.npmjs.org/async-mutex/-/async-mutex-0.5.0.tgz",
      "integrity": "sha512-1A94B18jkJ3DYq284ohPxoXbfTA5HsQ7/Mf4DEhcyLx3Bz27Rh59iScbB6EPiP+B+joue6YCxcMXSbFC1tZKwA==",
      "license": "MIT",
      "dependencies": {
        "tslib": "^2.4.0"
      }
    },
    "node_modules/bowser": {
      "version": "2.14.1",
      "resolved": "https://registry.npmjs.org/bowser/-/bowser-2.14.1.tgz",
      "integrity": "sha512-tzPjzCxygAKWFOJP011oxFHs57HzIhOEracIgAePE4pqB3LikALKnSzUyU4MGs9/iCEUuHlAJTjTc5M+u7YEGg==",
      "license": "MIT"
    },
    "node_modules/clone-deep": {
      "version": "4.0.1",
      "resolved": "https://registry.npmjs.org/clone-deep/-/clone-deep-4.0.1.tgz",
      "integrity": "sha512-neHB9xuzh/wk0dIHweyAXv2aPGZIVk3pLMe+/RNzINf17fe0OG96QroktYAUm7SM1PBnzTabaLboqqxDyMU+SQ==",
      "license": "MIT",
      "dependencies": {
        "is-plain-object": "^2.0.4",
        "kind-of": "^6.0.2",
        "shallow-clone": "^3.0.0"
      },
      "engines": {
        "node": ">=6"
      }
    },
    "node_modules/dequal": {
      "version": "2.0.3",
      "resolved": "https://registry.npmjs.org/dequal/-/dequal-2.0.3.tgz",
      "integrity": "sha512-0je+qPKHEMohvfRTCEo3CrPG6cAzAYgmzKyxRiYSSDkS6eGJdyVJm7WaYA5ECaAD9wLB2T4EEeymA5aFVcYXCA==",
      "license": "MIT",
      "engines": {
        "node": ">=6"
      }
    },
    "node_modules/esbuild": {
      "version": "0.25.12",
      "resolved": "https://registry.npmjs.org/esbuild/-/esbuild-0.25.12.tgz",
      "integrity": "sha512-bbPBYYrtZbkt6Os6FiTLCTFxvq4tt3JKall1vRwshA3fdVztsLAatFaZobhkBC8/BrPetoa0oksYoKXoG4ryJg==",
      "dev": true,
      "hasInstallScript": true,
      "license": "MIT",
      "bin": {
        "esbuild": "bin/esbuild"
      },
      "engines": {
        "node": ">=18"
      },
      "optionalDependencies": {
        "@esbuild/aix-ppc64": "0.25.12",
        "@esbuild/android-arm": "0.25.12",
        "@esbuild/android-arm64": "0.25.12",
        "@esbuild/android-x64": "0.25.12",
        "@esbuild/darwin-arm64": "0.25.12",
        "@esbuild/darwin-x64": "0.25.12",
        "@esbuild/freebsd-arm64": "0.25.12",
        "@esbuild/freebsd-x64": "0.25.12",
        "@esbuild/linux-arm": "0.25.12",
        "@esbuild/linux-arm64": "0.25.12",
        "@esbuild/linux-ia32": "0.25.12",
        "@esbuild/linux-loong64": "0.25.12",
        "@esbuild/linux-mips64el": "0.25.12",
        "@esbuild/linux-ppc64": "0.25.12",
        "@esbuild/linux-riscv64": "0.25.12",
        "@esbuild/linux-s390x": "0.25.12",
        "@esbuild/linux-x64": "0.25.12",
        "@esbuild/netbsd-arm64": "0.25.12",
        "@esbuild/netbsd-x64": "0.25.12",
        "@esbuild/openbsd-arm64": "0.25.12",
        "@esbuild/openbsd-x64": "0.25.12",
        "@esbuild/openharmony-arm64": "0.25.12",
        "@esbuild/sunos-x64": "0.25.12",
        "@esbuild/win32-arm64": "0.25.12",
        "@esbuild/win32-ia32": "0.25.12",
        "@esbuild/win32-x64": "0.25.12"
      }
    },
    "node_modules/events": {
      "version": "3.3.0",
      "resolved": "https://registry.npmjs.org/events/-/events-3.3.0.tgz",
      "integrity": "sha512-mQw+2fkQbALzQ7V0MY0IqdnXNOeTtP4r0lN9z7AAawCXgqea7bDii20AYrIBrFd/Hx0M2Ocz6S111CaFkUcb0Q==",
      "license": "MIT",
      "engines": {
        "node": ">=0.8.x"
      }
    },
    "node_modules/is-plain-object": {
      "version": "2.0.4",
      "resolved": "https://registry.npmjs.org/is-plain-object/-/is-plain-object-2.0.4.tgz",
      "integrity": "sha512-h5PpgXkWitc38BBMYawTYMWJHFZJVnBquFE57xFpjB8pJFiF6gZ+bU+WyI/yqXiFR5mdLsgYNaPe8uao6Uv9Og==",
      "license": "MIT",
      "dependencies": {
        "isobject": "^3.0.1"
      },
      "engines": {
        "node": ">=0.10.0"
      }
    },
    "node_modules/isobject": {
      "version": "3.0.1",
      "resolved": "https://registry.npmjs.org/isobject/-/isobject-3.0.1.tgz",
      "integrity": "sha512-WhB9zCku7EGTj/HQQRz5aUQEUeoQZH2bWcltRErOpymJ4boYE6wL9Tbr23krRPSZ+C5zqNSrSw+Cc7sZZ4b7vg==",
      "license": "MIT",
      "engines": {
        "node": ">=0.10.0"
      }
    },
    "node_modules/kind-of": {
      "version": "6.0.3",
      "resolved": "https://registry.npmjs.org/kind-of/-/kind-of-6.0.3.tgz",
      "integrity": "sha512-dcS1ul+9tmeD95T+x28/ehLgd9mENa3LsvDTtzm3vyBEO7RPptvAD+t44WVXaUjTBRcrpFeFlC8WCruUR456hw==",
      "license": "MIT",
      "engines": {
        "node": ">=0.10.0"
      }
    },
    "node_modules/lodash": {
      "version": "4.18.1",
      "resolved": "https://registry.npmjs.org/lodash/-/lodash-4.18.1.tgz",
      "integrity": "sha512-dMInicTPVE8d1e5otfwmmjlxkZoUpiVLwyeTdUsi/Caj/gfzzblBcCE5sRHV/AsjuCmxWrte2TNGSYuCeCq+0Q==",
      "license": "MIT"
    },
    "node_modules/pako": {
      "version": "3.0.1",
      "resolved": "https://registry.npmjs.org/pako/-/pako-3.0.1.tgz",
      "integrity": "sha512-GupotUUI0mlhugKjUs4bjOwLt3nrehy9Ys2dxC0GtgVef5cnKggkDMmf2bq2poCCuVXopWPmqsc9VDT2iJUy+w==",
      "funding": [
        {
          "type": "github",
          "url": "https://github.com/sponsors/puzrin"
        },
        {
          "type": "github",
          "url": "https://github.com/sponsors/nodeca"
        }
      ],
      "license": "(MIT AND Zlib)"
    },
    "node_modules/rxjs": {
      "version": "7.8.2",
      "resolved": "https://registry.npmjs.org/rxjs/-/rxjs-7.8.2.tgz",
      "integrity": "sha512-dhKf903U/PQZY6boNNtAGdWbG85WAbjT/1xYoZIC7FAY0yWapOBQVsVrDl58W86//e1VpMNBtRV4MaXfdMySFA==",
      "license": "Apache-2.0",
      "optional": true,
      "dependencies": {
        "tslib": "^2.1.0"
      }
    },
    "node_modules/shallow-clone": {
      "version": "3.0.1",
      "resolved": "https://registry.npmjs.org/shallow-clone/-/shallow-clone-3.0.1.tgz",
      "integrity": "sha512-/6KqX+GVUdqPuPPd2LxDDxzX6CAbjJehAAOKlNpqqUpAqPM6HeL8f+o3a+JsyGjn2lv0WY8UsTgUJjU9Ok55NA==",
      "license": "MIT",
      "dependencies": {
        "kind-of": "^6.0.2"
      },
      "engines": {
        "node": ">=8"
      }
    },
    "node_modules/tslib": {
      "version": "2.8.1",
      "resolved": "https://registry.npmjs.org/tslib/-/tslib-2.8.1.tgz",
      "integrity": "sha512-oJFu94HQb+KVduSUQL7wnpmqnfmLsOA/nAh6b6EH0wCEoK0/mPeXU6c3wKDV83MkOuHPRHtSXKKU99IBazS/2w==",
      "license": "0BSD"
    },
    "node_modules/typed-emitter": {
      "version": "2.1.0",
      "resolved": "https://registry.npmjs.org/typed-emitter/-/typed-emitter-2.1.0.tgz",
      "integrity": "sha512-g/KzbYKbH5C2vPkaXGu8DJlHrGKHLsM25Zg9WuC9pMGfuvT+X25tZQWo5fK1BjBm8+UrVE9LDCvaY0CQk+fXDA==",
      "license": "MIT",
      "optionalDependencies": {
        "rxjs": "*"
      }
    },
    "node_modules/uuid": {
      "version": "11.1.1",
      "resolved": "https://registry.npmjs.org/uuid/-/uuid-11.1.1.tgz",
      "integrity": "sha512-vIYxrBCC/N/K+Js3qSN88go7kIfNPssr/hHCesKCQNAjmgvYS2oqr69kIufEG+O4+PfezOH4EbIeHCfFov8ZgQ==",
      "funding": [
        "https://github.com/sponsors/broofa",
        "https://github.com/sponsors/ctavan"
      ],
      "license": "MIT",
      "bin": {
        "uuid": "dist/esm/bin/uuid"
      }
    },
    "node_modules/zod": {
      "version": "4.4.3",
      "resolved": "https://registry.npmjs.org/zod/-/zod-4.4.3.tgz",
      "integrity": "sha512-ytENFjIJFl2UwYglde2jchW2Hwm4GJFLDiSXWdTrJQBIN9Fcyp7n4DhxJEiWNAJMV1/BqWfW/kkg71UDcHJyTQ==",
      "license": "MIT",
      "funding": {
        "url": "https://github.com/sponsors/colinhacks"
      }
    }
  }
}
